// !$*UTF8*$!
{
	archiveVersion = 1;
	classes = {
	};
	objectVersion = 56;
	objects = {

/* Begin PBXBuildFile section */
		F32E64102A5B10E40023AC5F /* AppDelegate.swift in Sources */ = {isa = PBXBuildFile; fileRef = F32E640F2A5B10E40023AC5F /* AppDelegate.swift */; };
		F32E64122A5B10E40023AC5F /* SceneDelegate.swift in Sources */ = {isa = PBXBuildFile; fileRef = F32E64112A5B10E40023AC5F /* SceneDelegate.swift */; };
		F32E64142A5B10E40023AC5F /* GameScreenViewController.swift in Sources */ = {isa = PBXBuildFile; fileRef = F32E64132A5B10E40023AC5F /* GameScreenViewController.swift */; };
		F32E64192A5B10E50023AC5F /* Assets.xcassets in Resources */ = {isa = PBXBuildFile; fileRef = F32E64182A5B10E50023AC5F /* Assets.xcassets */; };
		F32E641C2A5B10E50023AC5F /* LaunchScreen.storyboard in Resources */ = {isa = PBXBuildFile; fileRef = F32E641A2A5B10E50023AC5F /* LaunchScreen.storyboard */; };
		F3402AC02A5D351B00A84E3E /* SnapKit in Frameworks */ = {isa = PBXBuildFile; productRef = F3402ABF2A5D351B00A84E3E /* SnapKit */; };
/* End PBXBuildFile section */

/* Begin PBXFileReference section */
		F32E640C2A5B10E40023AC5F /* Game2048.app */ = {isa = PBXFileReference; explicitFileType = wrapper.application; includeInIndex = 0; path = Game2048.app; sourceTree = BUILT_PRODUCTS_DIR; };
		F32E640F2A5B10E40023AC5F /* AppDelegate.swift */ = {isa = PBXFileReference; lastKnownFileType = sourcecode.swift; path = AppDelegate.swift; sourceTree = "<group>"; };
		F32E64112A5B10E40023AC5F /* SceneDelegate.swift */ = {isa = PBXFileReference; lastKnownFileType = sourcecode.swift; path = SceneDelegate.swift; sourceTree = "<group>"; };
		F32E64132A5B10E40023AC5F /* GameScreenViewController.swift */ = {isa = PBXFileReference; lastKnownFileType = sourcecode.swift; path = GameScreenViewController.swift; sourceTree = "<group>"; };
		F32E64182A5B10E50023AC5F /* Assets.xcassets */ = {isa = PBXFileReference; lastKnownFileType = folder.assetcatalog; path = Assets.xcassets; sourceTree = "<group>"; };
		F32E641B2A5B10E50023AC5F /* Base */ = {isa = PBXFileReference; lastKnownFileType = file.storyboard; name = Base; path = Base.lproj/LaunchScreen.storyboard; sourceTree = "<group>"; };
		F32E641D2A5B10E50023AC5F /* Info.plist */ = {isa = PBXFileReference; lastKnownFileType = text.plist.xml; path = Info.plist; sourceTree = "<group>"; };
/* End PBXFileReference section */

/* Begin PBXFrameworksBuildPhase section */
		F32E64092A5B10E40023AC5F /* Frameworks */ = {
			isa = PBXFrameworksBuildPhase;
			buildActionMask = 2147483647;
			files = (
				F3402AC02A5D351B00A84E3E /* SnapKit in Frameworks */,
			);
			runOnlyForDeploymentPostprocessing = 0;
		};
/* End PBXFrameworksBuildPhase section */

/* Begin PBXGroup section */
		F32E64032A5B10E40023AC5F = {
			isa = PBXGroup;
			children = (
				F32E640E2A5B10E40023AC5F /* Game2048 */,
				F32E640D2A5B10E40023AC5F /* Products */,
			);
			sourceTree = "<group>";
		};
		F32E640D2A5B10E40023AC5F /* Products */ = {
			isa = PBXGroup;
			children = (
				F32E640C2A5B10E40023AC5F /* Game2048.app */,
			);
			name = Products;
			sourceTree = "<group>";
		};
		F32E640E2A5B10E40023AC5F /* Game2048 */ = {
			isa = PBXGroup;
			children = (
				F32E642E2A5B16BE0023AC5F /* App */,
				F32E642D2A5B16A00023AC5F /* Domain */,
				F32E64232A5B15C10023AC5F /* Screens */,
				F32E642F2A5B16C40023AC5F /* Resources */,
			);
			path = Game2048;
			sourceTree = "<group>";
		};
		F32E64232A5B15C10023AC5F /* Screens */ = {
			isa = PBXGroup;
			children = (
				F32E64302A5B16D20023AC5F /* LaunchScreen */,
				F32E64242A5B15D10023AC5F /* GameScreen */,
			);
			path = Screens;
			sourceTree = "<group>";
		};
		F32E64242A5B15D10023AC5F /* GameScreen */ = {
			isa = PBXGroup;
			children = (
				F32E64252A5B15D60023AC5F /* Presentation */,
				F32E64262A5B15DC0023AC5F /* Domain */,
			);
			path = GameScreen;
			sourceTree = "<group>";
		};
		F32E64252A5B15D60023AC5F /* Presentation */ = {
			isa = PBXGroup;
			children = (
				F32E64132A5B10E40023AC5F /* GameScreenViewController.swift */,
			);
			path = Presentation;
			sourceTree = "<group>";
		};
		F32E64262A5B15DC0023AC5F /* Domain */ = {
			isa = PBXGroup;
			children = (
				F32E64292A5B162C0023AC5F /* Protocols */,
				F32E64282A5B161A0023AC5F /* Models */,
			);
			path = Domain;
			sourceTree = "<group>";
		};
		F32E64282A5B161A0023AC5F /* Models */ = {
			isa = PBXGroup;
			children = (
			);
			path = Models;
			sourceTree = "<group>";
		};
		F32E64292A5B162C0023AC5F /* Protocols */ = {
			isa = PBXGroup;
			children = (
				F32E642A2A5B16330023AC5F /* UseCases */,
			);
			path = Protocols;
			sourceTree = "<group>";
		};
		F32E642A2A5B16330023AC5F /* UseCases */ = {
			isa = PBXGroup;
			children = (
			);
			path = UseCases;
			sourceTree = "<group>";
		};
		F32E642D2A5B16A00023AC5F /* Domain */ = {
			isa = PBXGroup;
			children = (
			);
			path = Domain;
			sourceTree = "<group>";
		};
		F32E642E2A5B16BE0023AC5F /* App */ = {
			isa = PBXGroup;
			children = (
				F32E640F2A5B10E40023AC5F /* AppDelegate.swift */,
				F32E64112A5B10E40023AC5F /* SceneDelegate.swift */,
				F32E641D2A5B10E50023AC5F /* Info.plist */,
			);
			path = App;
			sourceTree = "<group>";
		};
		F32E642F2A5B16C40023AC5F /* Resources */ = {
			isa = PBXGroup;
			children = (
				F32E64182A5B10E50023AC5F /* Assets.xcassets */,
			);
			path = Resources;
			sourceTree = "<group>";
		};
		F32E64302A5B16D20023AC5F /* LaunchScreen */ = {
			isa = PBXGroup;
			children = (
				F32E64312A5B16D80023AC5F /* Presentation */,
			);
			path = LaunchScreen;
			sourceTree = "<group>";
		};
		F32E64312A5B16D80023AC5F /* Presentation */ = {
			isa = PBXGroup;
			children = (
				F32E641A2A5B10E50023AC5F /* LaunchScreen.storyboard */,
			);
			path = Presentation;
			sourceTree = "<group>";
		};
/* End PBXGroup section */

/* Begin PBXNativeTarget section */
		F32E640B2A5B10E40023AC5F /* Game2048 */ = {
			isa = PBXNativeTarget;
			buildConfigurationList = F32E64202A5B10E50023AC5F /* Build configuration list for PBXNativeTarget "Game2048" */;
			buildPhases = (
				F32E64082A5B10E40023AC5F /* Sources */,
				F32E64092A5B10E40023AC5F /* Frameworks */,
				F32E640A2A5B10E40023AC5F /* Resources */,
			);
			buildRules = (
			);
			dependencies = (
			);
			name = Game2048;
			packageProductDependencies = (
				F3402ABF2A5D351B00A84E3E /* SnapKit */,
			);
			productName = Game2048;
			productReference = F32E640C2A5B10E40023AC5F /* Game2048.app */;
			productType = "com.apple.product-type.application";
		};
/* End PBXNativeTarget section */

/* Begin PBXProject section */
		F32E64042A5B10E40023AC5F /* Project object */ = {
			isa = PBXProject;
			attributes = {
				BuildIndependentTargetsInParallel = 1;
				LastSwiftUpdateCheck = 1430;
				LastUpgradeCheck = 1430;
				TargetAttributes = {
					F32E640B2A5B10E40023AC5F = {
						CreatedOnToolsVersion = 14.3.1;
					};
				};
			};
			buildConfigurationList = F32E64072A5B10E40023AC5F /* Build configuration list for PBXProject "Game2048" */;
			compatibilityVersion = "Xcode 14.0";
			developmentRegion = en;
			hasScannedForEncodings = 0;
			knownRegions = (
				en,
				Base,
			);
			mainGroup = F32E64032A5B10E40023AC5F;
			packageReferences = (
				F3402ABE2A5D351B00A84E3E /* XCRemoteSwiftPackageReference "SnapKit" */,
			);
			productRefGroup = F32E640D2A5B10E40023AC5F /* Products */;
			projectDirPath = "";
			projectRoot = "";
			targets = (
				F32E640B2A5B10E40023AC5F /* Game2048 */,
			);
		};
/* End PBXProject section */

/* Begin PBXResourcesBuildPhase section */
		F32E640A2A5B10E40023AC5F /* Resources */ = {
			isa = PBXResourcesBuildPhase;
			buildActionMask = 2147483647;
			files = (
				F32E641C2A5B10E50023AC5F /* LaunchScreen.storyboard in Resources */,
				F32E64192A5B10E50023AC5F /* Assets.xcassets in Resources */,
			);
			runOnlyForDeploymentPostprocessing = 0;
		};
/* End PBXResourcesBuildPhase section */

/* Begin PBXSourcesBuildPhase section */
		F32E64082A5B10E40023AC5F /* Sources */ = {
			isa = PBXSourcesBuildPhase;
			buildActionMask = 2147483647;
			files = (
				F32E64142A5B10E40023AC5F /* GameScreenViewController.swift in Sources */,
				F32E64102A5B10E40023AC5F /* AppDelegate.swift in Sources */,
				F32E64122A5B10E40023AC5F /* SceneDelegate.swift in Sources */,
			);
			runOnlyForDeploymentPostprocessing = 0;
		};
/* End PBXSourcesBuildPhase section */

/* Begin PBXVariantGroup section */
		F32E641A2A5B10E50023AC5F /* LaunchScreen.storyboard */ = {
			isa = PBXVariantGroup;
			children = (
				F32E641B2A5B10E50023AC5F /* Base */,
			);
			name = LaunchScreen.storyboard;
			sourceTree = "<group>";
		};
/* End PBXVariantGroup section */

/* Begin XCBuildConfiguration section */
		F32E641E2A5B10E50023AC5F /* Debug */ = {
			isa = XCBuildConfiguration;
			buildSettings = {
				ALWAYS_SEARCH_USER_PATHS = NO;
				CLANG_ANALYZER_NONNULL = YES;
				CLANG_ANALYZER_NUMBER_OBJECT_CONVERSION = YES_AGGRESSIVE;
				CLANG_CXX_LANGUAGE_STANDARD = "gnu++20";
				CLANG_ENABLE_MODULES = YES;
				CLANG_ENABLE_OBJC_ARC = YES;
				CLANG_ENABLE_OBJC_WEAK = YES;
				CLANG_WARN_BLOCK_CAPTURE_AUTORELEASING = YES;
				CLANG_WARN_BOOL_CONVERSION = YES;
				CLANG_WARN_COMMA = YES;
				CLANG_WARN_CONSTANT_CONVERSION = YES;
				CLANG_WARN_DEPRECATED_OBJC_IMPLEMENTATIONS = YES;
				CLANG_WARN_DIRECT_OBJC_ISA_USAGE = YES_ERROR;
				CLANG_WARN_DOCUMENTATION_COMMENTS = YES;
				CLANG_WARN_EMPTY_BODY = YES;
				CLANG_WARN_ENUM_CONVERSION = YES;
				CLANG_WARN_INFINITE_RECURSION = YES;
				CLANG_WARN_INT_CONVERSION = YES;
				CLANG_WARN_NON_LITERAL_NULL_CONVERSION = YES;
				CLANG_WARN_OBJC_IMPLICIT_RETAIN_SELF = YES;
				CLANG_WARN_OBJC_LITERAL_CONVERSION = YES;
				CLANG_WARN_OBJC_ROOT_CLASS = YES_ERROR;
				CLANG_WARN_QUOTED_INCLUDE_IN_FRAMEWORK_HEADER = YES;
				CLANG_WARN_RANGE_LOOP_ANALYSIS = YES;
				CLANG_WARN_STRICT_PROTOTYPES = YES;
				CLANG_WARN_SUSPICIOUS_MOVE = YES;
				CLANG_WARN_UNGUARDED_AVAILABILITY = YES_AGGRESSIVE;
				CLANG_WARN_UNREACHABLE_CODE = YES;
				CLANG_WARN__DUPLICATE_METHOD_MATCH = YES;
				COPY_PHASE_STRIP = NO;
				DEBUG_INFORMATION_FORMAT = dwarf;
				ENABLE_STRICT_OBJC_MSGSEND = YES;
				ENABLE_TESTABILITY = YES;
				GCC_C_LANGUAGE_STANDARD = gnu11;
				GCC_DYNAMIC_NO_PIC = NO;
				GCC_NO_COMMON_BLOCKS = YES;
				GCC_OPTIMIZATION_LEVEL = 0;
				GCC_PREPROCESSOR_DEFINITIONS = (
					"DEBUG=1",
					"$(inherited)",
				);
				GCC_WARN_64_TO_32_BIT_CONVERSION = YES;
				GCC_WARN_ABOUT_RETURN_TYPE = YES_ERROR;
				GCC_WARN_UNDECLARED_SELECTOR = YES;
				GCC_WARN_UNINITIALIZED_AUTOS = YES_AGGRESSIVE;
				GCC_WARN_UNUSED_FUNCTION = YES;
				GCC_WARN_UNUSED_VARIABLE = YES;
				IPHONEOS_DEPLOYMENT_TARGET = 16.4;
				MTL_ENABLE_DEBUG_INFO = INCLUDE_SOURCE;
				MTL_FAST_MATH = YES;
				ONLY_ACTIVE_ARCH = YES;
				SDKROOT = iphoneos;
				SWIFT_ACTIVE_COMPILATION_CONDITIONS = DEBUG;
				SWIFT_OPTIMIZATION_LEVEL = "-Onone";
			};
			name = Debug;
		};
		F32E641F2A5B10E50023AC5F /* Release */ = {
			isa = XCBuildConfiguration;
			buildSettings = {
				ALWAYS_SEARCH_USER_PATHS = NO;
				CLANG_ANALYZER_NONNULL = YES;
				CLANG_ANALYZER_NUMBER_OBJECT_CONVERSION = YES_AGGRESSIVE;
				CLANG_CXX_LANGUAGE_STANDARD = "gnu++20";
				CLANG_ENABLE_MODULES = YES;
				CLANG_ENABLE_OBJC_ARC = YES;
				CLANG_ENABLE_OBJC_WEAK = YES;
				CLANG_WARN_BLOCK_CAPTURE_AUTORELEASING = YES;
				CLANG_WARN_BOOL_CONVERSION = YES;
				CLANG_WARN_COMMA = YES;
				CLANG_WARN_CONSTANT_CONVERSION = YES;
				CLANG_WARN_DEPRECATED_OBJC_IMPLEMENTATIONS = YES;
				CLANG_WARN_DIRECT_OBJC_ISA_USAGE = YES_ERROR;
				CLANG_WARN_DOCUMENTATION_COMMENTS = YES;
				CLANG_WARN_EMPTY_BODY = YES;
				CLANG_WARN_ENUM_CONVERSION = YES;
				CLANG_WARN_INFINITE_RECURSION = YES;
				CLANG_WARN_INT_CONVERSION = YES;
				CLANG_WARN_NON_LITERAL_NULL_CONVERSION = YES;
				CLANG_WARN_OBJC_IMPLICIT_RETAIN_SELF = YES;
				CLANG_WARN_OBJC_LITERAL_CONVERSION = YES;
				CLANG_WARN_OBJC_ROOT_CLASS = YES_ERROR;
				CLANG_WARN_QUOTED_INCLUDE_IN_FRAMEWORK_HEADER = YES;
				CLANG_WARN_RANGE_LOOP_ANALYSIS = YES;
				CLANG_WARN_STRICT_PROTOTYPES = YES;
				CLANG_WARN_SUSPICIOUS_MOVE = YES;
				CLANG_WARN_UNGUARDED_AVAILABILITY = YES_AGGRESSIVE;
				CLANG_WARN_UNREACHABLE_CODE = YES;
				CLANG_WARN__DUPLICATE_METHOD_MATCH = YES;
				COPY_PHASE_STRIP = NO;
				DEBUG_INFORMATION_FORMAT = "dwarf-with-dsym";
				ENABLE_NS_ASSERTIONS = NO;
				ENABLE_STRICT_OBJC_MSGSEND = YES;
				GCC_C_LANGUAGE_STANDARD = gnu11;
				GCC_NO_COMMON_BLOCKS = YES;
				GCC_WARN_64_TO_32_BIT_CONVERSION = YES;
				GCC_WARN_ABOUT_RETURN_TYPE = YES_ERROR;
				GCC_WARN_UNDECLARED_SELECTOR = YES;
				GCC_WARN_UNINITIALIZED_AUTOS = YES_AGGRESSIVE;
				GCC_WARN_UNUSED_FUNCTION = YES;
				GCC_WARN_UNUSED_VARIABLE = YES;
				IPHONEOS_DEPLOYMENT_TARGET = 16.4;
				MTL_ENABLE_DEBUG_INFO = NO;
				MTL_FAST_MATH = YES;
				SDKROOT = iphoneos;
				SWIFT_COMPILATION_MODE = wholemodule;
				SWIFT_OPTIMIZATION_LEVEL = "-O";
				VALIDATE_PRODUCT = YES;
			};
			name = Release;
		};
		F32E64212A5B10E50023AC5F /* Debug */ = {
			isa = XCBuildConfiguration;
			buildSettings = {
				ASSETCATALOG_COMPILER_APPICON_NAME = AppIcon;
				ASSETCATALOG_COMPILER_GLOBAL_ACCENT_COLOR_NAME = AccentColor;
				CODE_SIGN_STYLE = Automatic;
				CURRENT_PROJECT_VERSION = 1;
				DEVELOPMENT_TEAM = 8F9BJF9KQ5;
				GENERATE_INFOPLIST_FILE = YES;
				INFOPLIST_FILE = Game2048/App/Info.plist;
				INFOPLIST_KEY_CFBundleDisplayName = 2048;
				INFOPLIST_KEY_LSApplicationCategoryType = "public.app-category.games";
				INFOPLIST_KEY_UIApplicationSupportsIndirectInputEvents = YES;
				INFOPLIST_KEY_UILaunchStoryboardName = LaunchScreen;
				INFOPLIST_KEY_UISupportedInterfaceOrientations = "UIInterfaceOrientationPortrait UIInterfaceOrientationPortraitUpsideDown";
				INFOPLIST_KEY_UISupportedInterfaceOrientations_iPad = "UIInterfaceOrientationLandscapeLeft UIInterfaceOrientationLandscapeRight UIInterfaceOrientationPortrait UIInterfaceOrientationPortraitUpsideDown";
				IPHONEOS_DEPLOYMENT_TARGET = 13.0;
				LD_RUNPATH_SEARCH_PATHS = (
					"$(inherited)",
					"@executable_path/Frameworks",
				);
				MARKETING_VERSION = 1.0;
				PRODUCT_BUNDLE_IDENTIFIER = elena.Game2048;
				PRODUCT_NAME = "$(TARGET_NAME)";
				SUPPORTED_PLATFORMS = "iphoneos iphonesimulator";
				SUPPORTS_MACCATALYST = NO;
				SUPPORTS_MAC_DESIGNED_FOR_IPHONE_IPAD = NO;
				SWIFT_EMIT_LOC_STRINGS = YES;
				SWIFT_VERSION = 5.0;
				TARGETED_DEVICE_FAMILY = 1;
			};
			name = Debug;
		};
		F32E64222A5B10E50023AC5F /* Release */ = {
			isa = XCBuildConfiguration;
			buildSettings = {
				ASSETCATALOG_COMPILER_APPICON_NAME = AppIcon;
				ASSETCATALOG_COMPILER_GLOBAL_ACCENT_COLOR_NAME = AccentColor;
				CODE_SIGN_STYLE = Automatic;
				CURRENT_PROJECT_VERSION = 1;
				DEVELOPMENT_TEAM = 8F9BJF9KQ5;
				GENERATE_INFOPLIST_FILE = YES;
				INFOPLIST_FILE = Game2048/App/Info.plist;
				INFOPLIST_KEY_CFBundleDisplayName = 2048;
				INFOPLIST_KEY_LSApplicationCategoryType = "public.app-category.games";
				INFOPLIST_KEY_UIApplicationSupportsIndirectInputEvents = YES;
				INFOPLIST_KEY_UILaunchStoryboardName = LaunchScreen;
				INFOPLIST_KEY_UISupportedInterfaceOrientations = "UIInterfaceOrientationPortrait UIInterfaceOrientationPortraitUpsideDown";
				INFOPLIST_KEY_UISupportedInterfaceOrientations_iPad = "UIInterfaceOrientationLandscapeLeft UIInterfaceOrientationLandscapeRight UIInterfaceOrientationPortrait UIInterfaceOrientationPortraitUpsideDown";
				IPHONEOS_DEPLOYMENT_TARGET = 13.0;
				LD_RUNPATH_SEARCH_PATHS = (
					"$(inherited)",
					"@executable_path/Frameworks",
				);
				MARKETING_VERSION = 1.0;
				PRODUCT_BUNDLE_IDENTIFIER = elena.Game2048;
				PRODUCT_NAME = "$(TARGET_NAME)";
				SUPPORTED_PLATFORMS = "iphoneos iphonesimulator";
				SUPPORTS_MACCATALYST = NO;
				SUPPORTS_MAC_DESIGNED_FOR_IPHONE_IPAD = NO;
				SWIFT_EMIT_LOC_STRINGS = YES;
				SWIFT_VERSION = 5.0;
				TARGETED_DEVICE_FAMILY = 1;
			};
			name = Release;
		};
/* End XCBuildConfiguration section */

/* Begin XCConfigurationList section */
		F32E64072A5B10E40023AC5F /* Build configuration list for PBXProject "Game2048" */ = {
			isa = XCConfigurationList;
			buildConfigurations = (
				F32E641E2A5B10E50023AC5F /* Debug */,
				F32E641F2A5B10E50023AC5F /* Release */,
			);
			defaultConfigurationIsVisible = 0;
			defaultConfigurationName = Release;
		};
		F32E64202A5B10E50023AC5F /* Build configuration list for PBXNativeTarget "Game2048" */ = {
			isa = XCConfigurationList;
			buildConfigurations = (
				F32E64212A5B10E50023AC5F /* Debug */,
				F32E64222A5B10E50023AC5F /* Release */,
			);
			defaultConfigurationIsVisible = 0;
			defaultConfigurationName = Release;
		};
/* End XCConfigurationList section */

/* Begin XCRemoteSwiftPackageReference section */
		F3402ABE2A5D351B00A84E3E /* XCRemoteSwiftPackageReference "SnapKit" */ = {
			isa = XCRemoteSwiftPackageReference;
			repositoryURL = "https://github.com/SnapKit/SnapKit.git";
			requirement = {
				kind = upToNextMajorVersion;
				minimumVersion = 5.0.0;
			};
		};
/* End XCRemoteSwiftPackageReference section */

/* Begin XCSwiftPackageProductDependency section */
		F3402ABF2A5D351B00A84E3E /* SnapKit */ = {
			isa = XCSwiftPackageProductDependency;
			package = F3402ABE2A5D351B00A84E3E /* XCRemoteSwiftPackageReference "SnapKit" */;
			productName = SnapKit;
		};
/* End XCSwiftPackageProductDependency section */
	};
	rootObject = F32E64042A5B10E40023AC5F /* Project object */;
}
